// !$*UTF8*$!
{
	archiveVersion = 1;
	classes = {
	};
	objectVersion = 46;
	objects = {

/* Begin PBXBuildFile section */
		7A1566361D06F04E0011035F /* ProgressViewController.m in Sources */ = {isa = PBXBuildFile; fileRef = 7A1566351D06F04E0011035F /* ProgressViewController.m */; };
		7A2BAE421D0004D700D0F967 /* main.m in Sources */ = {isa = PBXBuildFile; fileRef = 7A2BAE411D0004D700D0F967 /* main.m */; };
		7A2BAE451D0004D700D0F967 /* AppDelegate.m in Sources */ = {isa = PBXBuildFile; fileRef = 7A2BAE441D0004D700D0F967 /* AppDelegate.m */; };
		7A2BAE4B1D0004D700D0F967 /* Main.storyboard in Resources */ = {isa = PBXBuildFile; fileRef = 7A2BAE491D0004D700D0F967 /* Main.storyboard */; };
		7A2BAE4D1D0004D700D0F967 /* Assets.xcassets in Resources */ = {isa = PBXBuildFile; fileRef = 7A2BAE4C1D0004D700D0F967 /* Assets.xcassets */; };
		7A2BAE501D0004D700D0F967 /* LaunchScreen.storyboard in Resources */ = {isa = PBXBuildFile; fileRef = 7A2BAE4E1D0004D700D0F967 /* LaunchScreen.storyboard */; };
		7A2BAE5E1D0005AD00D0F967 /* HomeViewController.m in Sources */ = {isa = PBXBuildFile; fileRef = 7A2BAE5D1D0005AD00D0F967 /* HomeViewController.m */; };
		7A2BAE621D000C2700D0F967 /* HomeTableViewCell.m in Sources */ = {isa = PBXBuildFile; fileRef = 7A2BAE611D000C2700D0F967 /* HomeTableViewCell.m */; };
		7A2BAE661D00210E00D0F967 /* SecureCodingViewController.m in Sources */ = {isa = PBXBuildFile; fileRef = 7A2BAE651D00210E00D0F967 /* SecureCodingViewController.m */; };
		7A2DED191D01B7EC003E4B07 /* PropertyKeyWordVController.m in Sources */ = {isa = PBXBuildFile; fileRef = 7A2DED181D01B7EC003E4B07 /* PropertyKeyWordVController.m */; };
		7A2DED1D1D01E14E003E4B07 /* MathFuntionViewController.m in Sources */ = {isa = PBXBuildFile; fileRef = 7A2DED1C1D01E14E003E4B07 /* MathFuntionViewController.m */; };
		7A3C0EAE1D025AB900BD9832 /* BaseViewController.m in Sources */ = {isa = PBXBuildFile; fileRef = 7A3C0EAD1D025AB900BD9832 /* BaseViewController.m */; };
		7A3C0EB21D025FDD00BD9832 /* AFNetworkingViewController.m in Sources */ = {isa = PBXBuildFile; fileRef = 7A3C0EB11D025FDD00BD9832 /* AFNetworkingViewController.m */; };
		7A3C0EB61D02615B00BD9832 /* AFNTableViewCell.m in Sources */ = {isa = PBXBuildFile; fileRef = 7A3C0EB51D02615B00BD9832 /* AFNTableViewCell.m */; };
		7A83EAEE1D07BF94002A4675 /* YHProgressCutDownView.m in Sources */ = {isa = PBXBuildFile; fileRef = 7A83EAED1D07BF94002A4675 /* YHProgressCutDownView.m */; };
		7A86835C1D0579D3006F0ECD /* YHHttps.m in Sources */ = {isa = PBXBuildFile; fileRef = 7A86835B1D0579D3006F0ECD /* YHHttps.m */; };
		7A9DF3FD1D0296E7002B4BA4 /* AFNPost.m in Sources */ = {isa = PBXBuildFile; fileRef = 7A9DF3FC1D0296E7002B4BA4 /* AFNPost.m */; };
		7A9DF4001D0296F1002B4BA4 /* AFNUser.m in Sources */ = {isa = PBXBuildFile; fileRef = 7A9DF3FF1D0296F1002B4BA4 /* AFNUser.m */; };
		7A9DF4041D02BF18002B4BA4 /* ValueForKeyPathViewController.m in Sources */ = {isa = PBXBuildFile; fileRef = 7A9DF4031D02BF18002B4BA4 /* ValueForKeyPathViewController.m */; };
		7A9DF4071D041A54002B4BA4 /* AFAppDotNetAPIClient.m in Sources */ = {isa = PBXBuildFile; fileRef = 7A9DF4061D041A54002B4BA4 /* AFAppDotNetAPIClient.m */; };
		7A9DF40A1D0450E5002B4BA4 /* AFNetworkingNoteVC.m in Sources */ = {isa = PBXBuildFile; fileRef = 7A9DF4091D0450E5002B4BA4 /* AFNetworkingNoteVC.m */; };
		7AA8CE291D00694000669047 /* SecureObj.m in Sources */ = {isa = PBXBuildFile; fileRef = 7AA8CE281D00694000669047 /* SecureObj.m */; };
		7AF14CDC1D07AF0700FA3A13 /* YHProgressView.m in Sources */ = {isa = PBXBuildFile; fileRef = 7AF14CDB1D07AF0700FA3A13 /* YHProgressView.m */; };
		7AF3CA1E1D0907EB008DB045 /* BezierViewController.m in Sources */ = {isa = PBXBuildFile; fileRef = 7AF3CA1D1D0907EB008DB045 /* BezierViewController.m */; };
		D91CFD6BADD5D1B19F92DCAA /* libPods-QNote.a in Frameworks */ = {isa = PBXBuildFile; fileRef = 6C83ECE2705A2147CB772435 /* libPods-QNote.a */; };
/* End PBXBuildFile section */

/* Begin PBXFileReference section */
		2D04A53866E2B73E5A439451 /* Pods-QNote.debug.xcconfig */ = {isa = PBXFileReference; includeInIndex = 1; lastKnownFileType = text.xcconfig; name = "Pods-QNote.debug.xcconfig"; path = "Pods/Target Support Files/Pods-QNote/Pods-QNote.debug.xcconfig"; sourceTree = "<group>"; };
		6C83ECE2705A2147CB772435 /* libPods-QNote.a */ = {isa = PBXFileReference; explicitFileType = archive.ar; includeInIndex = 0; path = "libPods-QNote.a"; sourceTree = BUILT_PRODUCTS_DIR; };
		7A1566341D06F04E0011035F /* ProgressViewController.h */ = {isa = PBXFileReference; fileEncoding = 4; lastKnownFileType = sourcecode.c.h; path = ProgressViewController.h; sourceTree = "<group>"; };
		7A1566351D06F04E0011035F /* ProgressViewController.m */ = {isa = PBXFileReference; fileEncoding = 4; lastKnownFileType = sourcecode.c.objc; path = ProgressViewController.m; sourceTree = "<group>"; };
		7A2BAE3D1D0004D700D0F967 /* QNote.app */ = {isa = PBXFileReference; explicitFileType = wrapper.application; includeInIndex = 0; path = QNote.app; sourceTree = BUILT_PRODUCTS_DIR; };
		7A2BAE411D0004D700D0F967 /* main.m */ = {isa = PBXFileReference; lastKnownFileType = sourcecode.c.objc; path = main.m; sourceTree = "<group>"; };
		7A2BAE431D0004D700D0F967 /* AppDelegate.h */ = {isa = PBXFileReference; lastKnownFileType = sourcecode.c.h; path = AppDelegate.h; sourceTree = "<group>"; };
		7A2BAE441D0004D700D0F967 /* AppDelegate.m */ = {isa = PBXFileReference; lastKnownFileType = sourcecode.c.objc; path = AppDelegate.m; sourceTree = "<group>"; };
		7A2BAE4A1D0004D700D0F967 /* Base */ = {isa = PBXFileReference; lastKnownFileType = file.storyboard; name = Base; path = Base.lproj/Main.storyboard; sourceTree = "<group>"; };
		7A2BAE4C1D0004D700D0F967 /* Assets.xcassets */ = {isa = PBXFileReference; lastKnownFileType = folder.assetcatalog; path = Assets.xcassets; sourceTree = "<group>"; };
		7A2BAE4F1D0004D700D0F967 /* Base */ = {isa = PBXFileReference; lastKnownFileType = file.storyboard; name = Base; path = Base.lproj/LaunchScreen.storyboard; sourceTree = "<group>"; };
		7A2BAE511D0004D700D0F967 /* Info.plist */ = {isa = PBXFileReference; lastKnownFileType = text.plist.xml; path = Info.plist; sourceTree = "<group>"; };
		7A2BAE5C1D0005AD00D0F967 /* HomeViewController.h */ = {isa = PBXFileReference; fileEncoding = 4; lastKnownFileType = sourcecode.c.h; path = HomeViewController.h; sourceTree = "<group>"; };
		7A2BAE5D1D0005AD00D0F967 /* HomeViewController.m */ = {isa = PBXFileReference; fileEncoding = 4; lastKnownFileType = sourcecode.c.objc; path = HomeViewController.m; sourceTree = "<group>"; };
		7A2BAE601D000C2700D0F967 /* HomeTableViewCell.h */ = {isa = PBXFileReference; fileEncoding = 4; lastKnownFileType = sourcecode.c.h; path = HomeTableViewCell.h; sourceTree = "<group>"; };
		7A2BAE611D000C2700D0F967 /* HomeTableViewCell.m */ = {isa = PBXFileReference; fileEncoding = 4; lastKnownFileType = sourcecode.c.objc; path = HomeTableViewCell.m; sourceTree = "<group>"; };
		7A2BAE641D00210E00D0F967 /* SecureCodingViewController.h */ = {isa = PBXFileReference; fileEncoding = 4; lastKnownFileType = sourcecode.c.h; path = SecureCodingViewController.h; sourceTree = "<group>"; };
		7A2BAE651D00210E00D0F967 /* SecureCodingViewController.m */ = {isa = PBXFileReference; fileEncoding = 4; lastKnownFileType = sourcecode.c.objc; path = SecureCodingViewController.m; sourceTree = "<group>"; };
		7A2DED171D01B7EC003E4B07 /* PropertyKeyWordVController.h */ = {isa = PBXFileReference; fileEncoding = 4; lastKnownFileType = sourcecode.c.h; path = PropertyKeyWordVController.h; sourceTree = "<group>"; };
		7A2DED181D01B7EC003E4B07 /* PropertyKeyWordVController.m */ = {isa = PBXFileReference; fileEncoding = 4; lastKnownFileType = sourcecode.c.objc; path = PropertyKeyWordVController.m; sourceTree = "<group>"; };
		7A2DED1B1D01E14E003E4B07 /* MathFuntionViewController.h */ = {isa = PBXFileReference; fileEncoding = 4; lastKnownFileType = sourcecode.c.h; path = MathFuntionViewController.h; sourceTree = "<group>"; };
		7A2DED1C1D01E14E003E4B07 /* MathFuntionViewController.m */ = {isa = PBXFileReference; fileEncoding = 4; lastKnownFileType = sourcecode.c.objc; path = MathFuntionViewController.m; sourceTree = "<group>"; };
		7A3C0EAC1D025AB900BD9832 /* BaseViewController.h */ = {isa = PBXFileReference; fileEncoding = 4; lastKnownFileType = sourcecode.c.h; path = BaseViewController.h; sourceTree = "<group>"; };
		7A3C0EAD1D025AB900BD9832 /* BaseViewController.m */ = {isa = PBXFileReference; fileEncoding = 4; lastKnownFileType = sourcecode.c.objc; path = BaseViewController.m; sourceTree = "<group>"; };
		7A3C0EB01D025FDD00BD9832 /* AFNetworkingViewController.h */ = {isa = PBXFileReference; fileEncoding = 4; lastKnownFileType = sourcecode.c.h; path = AFNetworkingViewController.h; sourceTree = "<group>"; };
		7A3C0EB11D025FDD00BD9832 /* AFNetworkingViewController.m */ = {isa = PBXFileReference; fileEncoding = 4; lastKnownFileType = sourcecode.c.objc; path = AFNetworkingViewController.m; sourceTree = "<group>"; };
		7A3C0EB41D02615B00BD9832 /* AFNTableViewCell.h */ = {isa = PBXFileReference; fileEncoding = 4; lastKnownFileType = sourcecode.c.h; path = AFNTableViewCell.h; sourceTree = "<group>"; };
		7A3C0EB51D02615B00BD9832 /* AFNTableViewCell.m */ = {isa = PBXFileReference; fileEncoding = 4; lastKnownFileType = sourcecode.c.objc; path = AFNTableViewCell.m; sourceTree = "<group>"; };
		7A83EAEC1D07BF94002A4675 /* YHProgressCutDownView.h */ = {isa = PBXFileReference; fileEncoding = 4; lastKnownFileType = sourcecode.c.h; path = YHProgressCutDownView.h; sourceTree = "<group>"; };
		7A83EAED1D07BF94002A4675 /* YHProgressCutDownView.m */ = {isa = PBXFileReference; fileEncoding = 4; lastKnownFileType = sourcecode.c.objc; path = YHProgressCutDownView.m; sourceTree = "<group>"; };
		7A86835A1D0579D3006F0ECD /* YHHttps.h */ = {isa = PBXFileReference; fileEncoding = 4; lastKnownFileType = sourcecode.c.h; path = YHHttps.h; sourceTree = "<group>"; };
		7A86835B1D0579D3006F0ECD /* YHHttps.m */ = {isa = PBXFileReference; fileEncoding = 4; lastKnownFileType = sourcecode.c.objc; path = YHHttps.m; sourceTree = "<group>"; };
		7A9DF3FB1D0296E7002B4BA4 /* AFNPost.h */ = {isa = PBXFileReference; fileEncoding = 4; lastKnownFileType = sourcecode.c.h; path = AFNPost.h; sourceTree = "<group>"; };
		7A9DF3FC1D0296E7002B4BA4 /* AFNPost.m */ = {isa = PBXFileReference; fileEncoding = 4; lastKnownFileType = sourcecode.c.objc; path = AFNPost.m; sourceTree = "<group>"; };
		7A9DF3FE1D0296F1002B4BA4 /* AFNUser.h */ = {isa = PBXFileReference; fileEncoding = 4; lastKnownFileType = sourcecode.c.h; path = AFNUser.h; sourceTree = "<group>"; };
		7A9DF3FF1D0296F1002B4BA4 /* AFNUser.m */ = {isa = PBXFileReference; fileEncoding = 4; lastKnownFileType = sourcecode.c.objc; path = AFNUser.m; sourceTree = "<group>"; };
		7A9DF4021D02BF18002B4BA4 /* ValueForKeyPathViewController.h */ = {isa = PBXFileReference; fileEncoding = 4; lastKnownFileType = sourcecode.c.h; path = ValueForKeyPathViewController.h; sourceTree = "<group>"; };
		7A9DF4031D02BF18002B4BA4 /* ValueForKeyPathViewController.m */ = {isa = PBXFileReference; fileEncoding = 4; lastKnownFileType = sourcecode.c.objc; path = ValueForKeyPathViewController.m; sourceTree = "<group>"; };
		7A9DF4051D041A54002B4BA4 /* AFAppDotNetAPIClient.h */ = {isa = PBXFileReference; fileEncoding = 4; lastKnownFileType = sourcecode.c.h; path = AFAppDotNetAPIClient.h; sourceTree = "<group>"; };
		7A9DF4061D041A54002B4BA4 /* AFAppDotNetAPIClient.m */ = {isa = PBXFileReference; fileEncoding = 4; lastKnownFileType = sourcecode.c.objc; path = AFAppDotNetAPIClient.m; sourceTree = "<group>"; };
		7A9DF4081D0450E5002B4BA4 /* AFNetworkingNoteVC.h */ = {isa = PBXFileReference; fileEncoding = 4; lastKnownFileType = sourcecode.c.h; path = AFNetworkingNoteVC.h; sourceTree = "<group>"; };
		7A9DF4091D0450E5002B4BA4 /* AFNetworkingNoteVC.m */ = {isa = PBXFileReference; fileEncoding = 4; lastKnownFileType = sourcecode.c.objc; path = AFNetworkingNoteVC.m; sourceTree = "<group>"; };
		7AA8CE271D00694000669047 /* SecureObj.h */ = {isa = PBXFileReference; fileEncoding = 4; lastKnownFileType = sourcecode.c.h; path = SecureObj.h; sourceTree = "<group>"; };
		7AA8CE281D00694000669047 /* SecureObj.m */ = {isa = PBXFileReference; fileEncoding = 4; lastKnownFileType = sourcecode.c.objc; path = SecureObj.m; sourceTree = "<group>"; };
		7AF14CDA1D07AF0700FA3A13 /* YHProgressView.h */ = {isa = PBXFileReference; fileEncoding = 4; lastKnownFileType = sourcecode.c.h; path = YHProgressView.h; sourceTree = "<group>"; };
		7AF14CDB1D07AF0700FA3A13 /* YHProgressView.m */ = {isa = PBXFileReference; fileEncoding = 4; lastKnownFileType = sourcecode.c.objc; path = YHProgressView.m; sourceTree = "<group>"; };
		7AF3CA1C1D0907EB008DB045 /* BezierViewController.h */ = {isa = PBXFileReference; fileEncoding = 4; lastKnownFileType = sourcecode.c.h; path = BezierViewController.h; sourceTree = "<group>"; };
		7AF3CA1D1D0907EB008DB045 /* BezierViewController.m */ = {isa = PBXFileReference; fileEncoding = 4; lastKnownFileType = sourcecode.c.objc; path = BezierViewController.m; sourceTree = "<group>"; };
		86E887FD80964491631D88C4 /* Pods-QNote.release.xcconfig */ = {isa = PBXFileReference; includeInIndex = 1; lastKnownFileType = text.xcconfig; name = "Pods-QNote.release.xcconfig"; path = "Pods/Target Support Files/Pods-QNote/Pods-QNote.release.xcconfig"; sourceTree = "<group>"; };
/* End PBXFileReference section */

/* Begin PBXFrameworksBuildPhase section */
		7A2BAE3A1D0004D700D0F967 /* Frameworks */ = {
			isa = PBXFrameworksBuildPhase;
			buildActionMask = 2147483647;
			files = (
				D91CFD6BADD5D1B19F92DCAA /* libPods-QNote.a in Frameworks */,
			);
			runOnlyForDeploymentPostprocessing = 0;
		};
/* End PBXFrameworksBuildPhase section */

/* Begin PBXGroup section */
		4539521812420E190AE98632 /* Frameworks */ = {
			isa = PBXGroup;
			children = (
				6C83ECE2705A2147CB772435 /* libPods-QNote.a */,
			);
			name = Frameworks;
			sourceTree = "<group>";
		};
		7A1566331D06F0420011035F /* ProgressV */ = {
			isa = PBXGroup;
			children = (
				7A1566341D06F04E0011035F /* ProgressViewController.h */,
				7A1566351D06F04E0011035F /* ProgressViewController.m */,
				7AF14CDA1D07AF0700FA3A13 /* YHProgressView.h */,
				7AF14CDB1D07AF0700FA3A13 /* YHProgressView.m */,
				7A83EAEC1D07BF94002A4675 /* YHProgressCutDownView.h */,
				7A83EAED1D07BF94002A4675 /* YHProgressCutDownView.m */,
			);
			path = ProgressV;
			sourceTree = "<group>";
		};
		7A2BAE341D0004D700D0F967 = {
			isa = PBXGroup;
			children = (
				7A2BAE3F1D0004D700D0F967 /* QNote */,
				7A2BAE3E1D0004D700D0F967 /* Products */,
				802B37B7B2F878EA19C4700D /* Pods */,
				4539521812420E190AE98632 /* Frameworks */,
			);
			sourceTree = "<group>";
		};
		7A2BAE3E1D0004D700D0F967 /* Products */ = {
			isa = PBXGroup;
			children = (
				7A2BAE3D1D0004D700D0F967 /* QNote.app */,
			);
			name = Products;
			sourceTree = "<group>";
		};
		7A2BAE3F1D0004D700D0F967 /* QNote */ = {
			isa = PBXGroup;
			children = (
				7A2BAE5B1D0005A300D0F967 /* view */,
				7A2BAE5A1D00059A00D0F967 /* vc */,
				7A2BAE431D0004D700D0F967 /* AppDelegate.h */,
				7A2BAE441D0004D700D0F967 /* AppDelegate.m */,
				7A2BAE491D0004D700D0F967 /* Main.storyboard */,
				7A2BAE4C1D0004D700D0F967 /* Assets.xcassets */,
				7A2BAE4E1D0004D700D0F967 /* LaunchScreen.storyboard */,
				7A2BAE511D0004D700D0F967 /* Info.plist */,
				7A2BAE401D0004D700D0F967 /* Supporting Files */,
			);
			path = QNote;
			sourceTree = "<group>";
		};
		7A2BAE401D0004D700D0F967 /* Supporting Files */ = {
			isa = PBXGroup;
			children = (
				7A2BAE411D0004D700D0F967 /* main.m */,
			);
			name = "Supporting Files";
			sourceTree = "<group>";
		};
		7A2BAE5A1D00059A00D0F967 /* vc */ = {
			isa = PBXGroup;
			children = (
				7AF3CA1B1D0903AD008DB045 /* Bezier */,
				7A1566331D06F0420011035F /* ProgressV */,
				7A9DF4011D02BF0A002B4BA4 /* valueForKeyPath */,
				7A3C0EAF1D025FC900BD9832 /* AFNetwork */,
				7A3C0EAB1D025AA700BD9832 /* base */,
				7A2DED1A1D01E142003E4B07 /* MathFuntion */,
				7A2DED161D01B7D2003E4B07 /* propertyKeyWord */,
				7A2BAE631D00210300D0F967 /* SecureCodingVC */,
				7A2BAE5F1D000C1600D0F967 /* cell */,
				7A2BAE5C1D0005AD00D0F967 /* HomeViewController.h */,
				7A2BAE5D1D0005AD00D0F967 /* HomeViewController.m */,
			);
			path = vc;
			sourceTree = "<group>";
		};
		7A2BAE5B1D0005A300D0F967 /* view */ = {
			isa = PBXGroup;
			children = (
			);
			path = view;
			sourceTree = "<group>";
		};
		7A2BAE5F1D000C1600D0F967 /* cell */ = {
			isa = PBXGroup;
			children = (
				7A2BAE601D000C2700D0F967 /* HomeTableViewCell.h */,
				7A2BAE611D000C2700D0F967 /* HomeTableViewCell.m */,
			);
			name = cell;
			sourceTree = "<group>";
		};
		7A2BAE631D00210300D0F967 /* SecureCodingVC */ = {
			isa = PBXGroup;
			children = (
				7A2BAE641D00210E00D0F967 /* SecureCodingViewController.h */,
				7A2BAE651D00210E00D0F967 /* SecureCodingViewController.m */,
				7AA8CE271D00694000669047 /* SecureObj.h */,
				7AA8CE281D00694000669047 /* SecureObj.m */,
			);
			path = SecureCodingVC;
			sourceTree = "<group>";
		};
		7A2DED161D01B7D2003E4B07 /* propertyKeyWord */ = {
			isa = PBXGroup;
			children = (
				7A2DED171D01B7EC003E4B07 /* PropertyKeyWordVController.h */,
				7A2DED181D01B7EC003E4B07 /* PropertyKeyWordVController.m */,
			);
			path = propertyKeyWord;
			sourceTree = "<group>";
		};
		7A2DED1A1D01E142003E4B07 /* MathFuntion */ = {
			isa = PBXGroup;
			children = (
				7A2DED1B1D01E14E003E4B07 /* MathFuntionViewController.h */,
				7A2DED1C1D01E14E003E4B07 /* MathFuntionViewController.m */,
			);
			path = MathFuntion;
			sourceTree = "<group>";
		};
		7A3C0EAB1D025AA700BD9832 /* base */ = {
			isa = PBXGroup;
			children = (
				7A3C0EAC1D025AB900BD9832 /* BaseViewController.h */,
				7A3C0EAD1D025AB900BD9832 /* BaseViewController.m */,
			);
			path = base;
			sourceTree = "<group>";
		};
		7A3C0EAF1D025FC900BD9832 /* AFNetwork */ = {
			isa = PBXGroup;
			children = (
				7A8683591D057282006F0ECD /* httpTool */,
				7A9DF3FA1D029655002B4BA4 /* http */,
				7A3C0EB71D02616700BD9832 /* module */,
				7A3C0EB31D02604400BD9832 /* cell */,
				7A3C0EB01D025FDD00BD9832 /* AFNetworkingViewController.h */,
				7A3C0EB11D025FDD00BD9832 /* AFNetworkingViewController.m */,
				7A9DF4081D0450E5002B4BA4 /* AFNetworkingNoteVC.h */,
				7A9DF4091D0450E5002B4BA4 /* AFNetworkingNoteVC.m */,
			);
			path = AFNetwork;
			sourceTree = "<group>";
		};
		7A3C0EB31D02604400BD9832 /* cell */ = {
			isa = PBXGroup;
			children = (
				7A3C0EB41D02615B00BD9832 /* AFNTableViewCell.h */,
				7A3C0EB51D02615B00BD9832 /* AFNTableViewCell.m */,
			);
			name = cell;
			sourceTree = "<group>";
		};
		7A3C0EB71D02616700BD9832 /* module */ = {
			isa = PBXGroup;
			children = (
				7A9DF3FB1D0296E7002B4BA4 /* AFNPost.h */,
				7A9DF3FC1D0296E7002B4BA4 /* AFNPost.m */,
				7A9DF3FE1D0296F1002B4BA4 /* AFNUser.h */,
				7A9DF3FF1D0296F1002B4BA4 /* AFNUser.m */,
			);
			name = module;
			sourceTree = "<group>";
		};
		7A8683591D057282006F0ECD /* httpTool */ = {
			isa = PBXGroup;
			children = (
				7A86835A1D0579D3006F0ECD /* YHHttps.h */,
				7A86835B1D0579D3006F0ECD /* YHHttps.m */,
			);
			name = httpTool;
			sourceTree = "<group>";
		};
		7A9DF3FA1D029655002B4BA4 /* http */ = {
			isa = PBXGroup;
			children = (
				7A9DF4051D041A54002B4BA4 /* AFAppDotNetAPIClient.h */,
				7A9DF4061D041A54002B4BA4 /* AFAppDotNetAPIClient.m */,
			);
			name = http;
			sourceTree = "<group>";
		};
		7A9DF4011D02BF0A002B4BA4 /* valueForKeyPath */ = {
			isa = PBXGroup;
			children = (
				7A9DF4021D02BF18002B4BA4 /* ValueForKeyPathViewController.h */,
				7A9DF4031D02BF18002B4BA4 /* ValueForKeyPathViewController.m */,
			);
			path = valueForKeyPath;
			sourceTree = "<group>";
		};
		7AF3CA1B1D0903AD008DB045 /* Bezier */ = {
			isa = PBXGroup;
			children = (
				7AF3CA1C1D0907EB008DB045 /* BezierViewController.h */,
				7AF3CA1D1D0907EB008DB045 /* BezierViewController.m */,
			);
			path = Bezier;
			sourceTree = "<group>";
		};
		802B37B7B2F878EA19C4700D /* Pods */ = {
			isa = PBXGroup;
			children = (
				2D04A53866E2B73E5A439451 /* Pods-QNote.debug.xcconfig */,
				86E887FD80964491631D88C4 /* Pods-QNote.release.xcconfig */,
			);
			name = Pods;
			sourceTree = "<group>";
		};
/* End PBXGroup section */

/* Begin PBXNativeTarget section */
		7A2BAE3C1D0004D700D0F967 /* QNote */ = {
			isa = PBXNativeTarget;
			buildConfigurationList = 7A2BAE541D0004D700D0F967 /* Build configuration list for PBXNativeTarget "QNote" */;
			buildPhases = (
				6C3875AB0F512DFDBA9C4A64 /* 📦 Check Pods Manifest.lock */,
				7A2BAE391D0004D700D0F967 /* Sources */,
				7A2BAE3A1D0004D700D0F967 /* Frameworks */,
				7A2BAE3B1D0004D700D0F967 /* Resources */,
				F669070B051233E92F51C7C3 /* 📦 Embed Pods Frameworks */,
				16DE7091C6E4CD8459F2EE00 /* 📦 Copy Pods Resources */,
			);
			buildRules = (
			);
			dependencies = (
			);
			name = QNote;
			productName = QNote;
			productReference = 7A2BAE3D1D0004D700D0F967 /* QNote.app */;
			productType = "com.apple.product-type.application";
		};
/* End PBXNativeTarget section */

/* Begin PBXProject section */
		7A2BAE351D0004D700D0F967 /* Project object */ = {
			isa = PBXProject;
			attributes = {
				LastUpgradeCheck = 0730;
				ORGANIZATIONNAME = "林宁宁";
				TargetAttributes = {
					7A2BAE3C1D0004D700D0F967 = {
						CreatedOnToolsVersion = 7.3;
					};
				};
			};
			buildConfigurationList = 7A2BAE381D0004D700D0F967 /* Build configuration list for PBXProject "QNote" */;
			compatibilityVersion = "Xcode 3.2";
			developmentRegion = English;
			hasScannedForEncodings = 0;
			knownRegions = (
				en,
				Base,
			);
			mainGroup = 7A2BAE341D0004D700D0F967;
			productRefGroup = 7A2BAE3E1D0004D700D0F967 /* Products */;
			projectDirPath = "";
			projectRoot = "";
			targets = (
				7A2BAE3C1D0004D700D0F967 /* QNote */,
			);
		};
/* End PBXProject section */

/* Begin PBXResourcesBuildPhase section */
		7A2BAE3B1D0004D700D0F967 /* Resources */ = {
			isa = PBXResourcesBuildPhase;
			buildActionMask = 2147483647;
			files = (
				7A2BAE501D0004D700D0F967 /* LaunchScreen.storyboard in Resources */,
				7A2BAE4D1D0004D700D0F967 /* Assets.xcassets in Resources */,
				7A2BAE4B1D0004D700D0F967 /* Main.storyboard in Resources */,
			);
			runOnlyForDeploymentPostprocessing = 0;
		};
/* End PBXResourcesBuildPhase section */

/* Begin PBXShellScriptBuildPhase section */
		16DE7091C6E4CD8459F2EE00 /* 📦 Copy Pods Resources */ = {
			isa = PBXShellScriptBuildPhase;
			buildActionMask = 2147483647;
			files = (
			);
			inputPaths = (
			);
			name = "📦 Copy Pods Resources";
			outputPaths = (
			);
			runOnlyForDeploymentPostprocessing = 0;
			shellPath = /bin/sh;
			shellScript = "\"${SRCROOT}/Pods/Target Support Files/Pods-QNote/Pods-QNote-resources.sh\"\n";
			showEnvVarsInLog = 0;
		};
		6C3875AB0F512DFDBA9C4A64 /* 📦 Check Pods Manifest.lock */ = {
			isa = PBXShellScriptBuildPhase;
			buildActionMask = 2147483647;
			files = (
			);
			inputPaths = (
			);
			name = "📦 Check Pods Manifest.lock";
			outputPaths = (
			);
			runOnlyForDeploymentPostprocessing = 0;
			shellPath = /bin/sh;
			shellScript = "diff \"${PODS_ROOT}/../Podfile.lock\" \"${PODS_ROOT}/Manifest.lock\" > /dev/null\nif [[ $? != 0 ]] ; then\n    cat << EOM\nerror: The sandbox is not in sync with the Podfile.lock. Run 'pod install' or update your CocoaPods installation.\nEOM\n    exit 1\nfi\n";
			showEnvVarsInLog = 0;
		};
		F669070B051233E92F51C7C3 /* 📦 Embed Pods Frameworks */ = {
			isa = PBXShellScriptBuildPhase;
			buildActionMask = 2147483647;
			files = (
			);
			inputPaths = (
			);
			name = "📦 Embed Pods Frameworks";
			outputPaths = (
			);
			runOnlyForDeploymentPostprocessing = 0;
			shellPath = /bin/sh;
			shellScript = "\"${SRCROOT}/Pods/Target Support Files/Pods-QNote/Pods-QNote-frameworks.sh\"\n";
			showEnvVarsInLog = 0;
		};
/* End PBXShellScriptBuildPhase section */

/* Begin PBXSourcesBuildPhase section */
		7A2BAE391D0004D700D0F967 /* Sources */ = {
			isa = PBXSourcesBuildPhase;
			buildActionMask = 2147483647;
			files = (
				7A3C0EB61D02615B00BD9832 /* AFNTableViewCell.m in Sources */,
				7A1566361D06F04E0011035F /* ProgressViewController.m in Sources */,
				7AF3CA1E1D0907EB008DB045 /* BezierViewController.m in Sources */,
				7A2DED191D01B7EC003E4B07 /* PropertyKeyWordVController.m in Sources */,
				7A3C0EAE1D025AB900BD9832 /* BaseViewController.m in Sources */,
				7A2BAE451D0004D700D0F967 /* AppDelegate.m in Sources */,
				7A9DF4001D0296F1002B4BA4 /* AFNUser.m in Sources */,
				7A2DED1D1D01E14E003E4B07 /* MathFuntionViewController.m in Sources */,
				7A86835C1D0579D3006F0ECD /* YHHttps.m in Sources */,
				7A2BAE421D0004D700D0F967 /* main.m in Sources */,
				7A3C0EB21D025FDD00BD9832 /* AFNetworkingViewController.m in Sources */,
				7A9DF3FD1D0296E7002B4BA4 /* AFNPost.m in Sources */,
				7A83EAEE1D07BF94002A4675 /* YHProgressCutDownView.m in Sources */,
				7AA8CE291D00694000669047 /* SecureObj.m in Sources */,
				7A2BAE621D000C2700D0F967 /* HomeTableViewCell.m in Sources */,
				7A2BAE661D00210E00D0F967 /* SecureCodingViewController.m in Sources */,
				7A2BAE5E1D0005AD00D0F967 /* HomeViewController.m in Sources */,
				7A9DF40A1D0450E5002B4BA4 /* AFNetworkingNoteVC.m in Sources */,
				7A9DF4071D041A54002B4BA4 /* AFAppDotNetAPIClient.m in Sources */,
				7AF14CDC1D07AF0700FA3A13 /* YHProgressView.m in Sources */,
				7A9DF4041D02BF18002B4BA4 /* ValueForKeyPathViewController.m in Sources */,
			);
			runOnlyForDeploymentPostprocessing = 0;
		};
/* End PBXSourcesBuildPhase section */

/* Begin PBXVariantGroup section */
		7A2BAE491D0004D700D0F967 /* Main.storyboard */ = {
			isa = PBXVariantGroup;
			children = (
				7A2BAE4A1D0004D700D0F967 /* Base */,
			);
			name = Main.storyboard;
			sourceTree = "<group>";
		};
		7A2BAE4E1D0004D700D0F967 /* LaunchScreen.storyboard */ = {
			isa = PBXVariantGroup;
			children = (
				7A2BAE4F1D0004D700D0F967 /* Base */,
			);
			name = LaunchScreen.storyboard;
			sourceTree = "<group>";
		};
/* End PBXVariantGroup section */

/* Begin XCBuildConfiguration section */
		7A2BAE521D0004D700D0F967 /* Debug */ = {
			isa = XCBuildConfiguration;
			buildSettings = {
				ALWAYS_SEARCH_USER_PATHS = NO;
				CLANG_ANALYZER_NONNULL = YES;
				CLANG_CXX_LANGUAGE_STANDARD = "gnu++0x";
				CLANG_CXX_LIBRARY = "libc++";
				CLANG_ENABLE_MODULES = YES;
				CLANG_ENABLE_OBJC_ARC = YES;
				CLANG_WARN_BOOL_CONVERSION = YES;
				CLANG_WARN_CONSTANT_CONVERSION = YES;
				CLANG_WARN_DIRECT_OBJC_ISA_USAGE = YES_ERROR;
				CLANG_WARN_EMPTY_BODY = YES;
				CLANG_WARN_ENUM_CONVERSION = YES;
				CLANG_WARN_INT_CONVERSION = YES;
				CLANG_WARN_OBJC_ROOT_CLASS = YES_ERROR;
				CLANG_WARN_UNREACHABLE_CODE = YES;
				CLANG_WARN__DUPLICATE_METHOD_MATCH = YES;
				"CODE_SIGN_IDENTITY[sdk=iphoneos*]" = "iPhone Developer";
				COPY_PHASE_STRIP = NO;
				DEBUG_INFORMATION_FORMAT = dwarf;
				ENABLE_STRICT_OBJC_MSGSEND = YES;
				ENABLE_TESTABILITY = YES;
				GCC_C_LANGUAGE_STANDARD = gnu99;
				GCC_DYNAMIC_NO_PIC = NO;
				GCC_NO_COMMON_BLOCKS = YES;
				GCC_OPTIMIZATION_LEVEL = 0;
				GCC_PREPROCESSOR_DEFINITIONS = (
					"DEBUG=1",
					"$(inherited)",
				);
				GCC_WARN_64_TO_32_BIT_CONVERSION = YES;
				GCC_WARN_ABOUT_RETURN_TYPE = YES_ERROR;
				GCC_WARN_UNDECLARED_SELECTOR = YES;
				GCC_WARN_UNINITIALIZED_AUTOS = YES_AGGRESSIVE;
				GCC_WARN_UNUSED_FUNCTION = YES;
				GCC_WARN_UNUSED_VARIABLE = YES;
				IPHONEOS_DEPLOYMENT_TARGET = 7.0;
				MTL_ENABLE_DEBUG_INFO = YES;
				ONLY_ACTIVE_ARCH = YES;
				SDKROOT = iphoneos;
			};
			name = Debug;
		};
		7A2BAE531D0004D700D0F967 /* Release */ = {
			isa = XCBuildConfiguration;
			buildSettings = {
				ALWAYS_SEARCH_USER_PATHS = NO;
				CLANG_ANALYZER_NONNULL = YES;
				CLANG_CXX_LANGUAGE_STANDARD = "gnu++0x";
				CLANG_CXX_LIBRARY = "libc++";
				CLANG_ENABLE_MODULES = YES;
				CLANG_ENABLE_OBJC_ARC = YES;
				CLANG_WARN_BOOL_CONVERSION = YES;
				CLANG_WARN_CONSTANT_CONVERSION = YES;
				CLANG_WARN_DIRECT_OBJC_ISA_USAGE = YES_ERROR;
				CLANG_WARN_EMPTY_BODY = YES;
				CLANG_WARN_ENUM_CONVERSION = YES;
				CLANG_WARN_INT_CONVERSION = YES;
				CLANG_WARN_OBJC_ROOT_CLASS = YES_ERROR;
				CLANG_WARN_UNREACHABLE_CODE = YES;
				CLANG_WARN__DUPLICATE_METHOD_MATCH = YES;
				"CODE_SIGN_IDENTITY[sdk=iphoneos*]" = "iPhone Developer";
				COPY_PHASE_STRIP = NO;
				DEBUG_INFORMATION_FORMAT = "dwarf-with-dsym";
				ENABLE_NS_ASSERTIONS = NO;
				ENABLE_STRICT_OBJC_MSGSEND = YES;
				GCC_C_LANGUAGE_STANDARD = gnu99;
				GCC_NO_COMMON_BLOCKS = YES;
				GCC_WARN_64_TO_32_BIT_CONVERSION = YES;
				GCC_WARN_ABOUT_RETURN_TYPE = YES_ERROR;
				GCC_WARN_UNDECLARED_SELECTOR = YES;
				GCC_WARN_UNINITIALIZED_AUTOS = YES_AGGRESSIVE;
				GCC_WARN_UNUSED_FUNCTION = YES;
				GCC_WARN_UNUSED_VARIABLE = YES;
				IPHONEOS_DEPLOYMENT_TARGET = 7.0;
				MTL_ENABLE_DEBUG_INFO = NO;
				SDKROOT = iphoneos;
				VALIDATE_PRODUCT = YES;
			};
			name = Release;
		};
		7A2BAE551D0004D700D0F967 /* Debug */ = {
			isa = XCBuildConfiguration;
			baseConfigurationReference = 2D04A53866E2B73E5A439451 /* Pods-QNote.debug.xcconfig */;
			buildSettings = {
				ASSETCATALOG_COMPILER_APPICON_NAME = AppIcon;
				INFOPLIST_FILE = QNote/Info.plist;
				IPHONEOS_DEPLOYMENT_TARGET = 7.0;
				LD_RUNPATH_SEARCH_PATHS = "$(inherited) @executable_path/Frameworks";
				PRODUCT_BUNDLE_IDENTIFIER = com.alone.QNote;
				PRODUCT_NAME = "$(TARGET_NAME)";
			};
			name = Debug;
		};
		7A2BAE561D0004D700D0F967 /* Release */ = {
			isa = XCBuildConfiguration;
			baseConfigurationReference = 86E887FD80964491631D88C4 /* Pods-QNote.release.xcconfig */;
			buildSettings = {
				ASSETCATALOG_COMPILER_APPICON_NAME = AppIcon;
				INFOPLIST_FILE = QNote/Info.plist;
				IPHONEOS_DEPLOYMENT_TARGET = 7.0;
				LD_RUNPATH_SEARCH_PATHS = "$(inherited) @executable_path/Frameworks";
				PRODUCT_BUNDLE_IDENTIFIER = com.alone.QNote;
				PRODUCT_NAME = "$(TARGET_NAME)";
			};
			name = Release;
		};
/* End XCBuildConfiguration section */

/* Begin XCConfigurationList section */
		7A2BAE381D0004D700D0F967 /* Build configuration list for PBXProject "QNote" */ = {
			isa = XCConfigurationList;
			buildConfigurations = (
				7A2BAE521D0004D700D0F967 /* Debug */,
				7A2BAE531D0004D700D0F967 /* Release */,
			);
			defaultConfigurationIsVisible = 0;
			defaultConfigurationName = Release;
		};
		7A2BAE541D0004D700D0F967 /* Build configuration list for PBXNativeTarget "QNote" */ = {
			isa = XCConfigurationList;
			buildConfigurations = (
				7A2BAE551D0004D700D0F967 /* Debug */,
				7A2BAE561D0004D700D0F967 /* Release */,
			);
			defaultConfigurationIsVisible = 0;
			defaultConfigurationName = Release;
		};
/* End XCConfigurationList section */
	};
	rootObject = 7A2BAE351D0004D700D0F967 /* Project object */;
}
